{
  "name": "dyj",
  "version": "1.0.0",
  "lockfileVersion": 2,
  "requires": true,
  "packages": {
    "": {
      "name": "dyj",
      "version": "1.0.0",
      "license": "ISC",
      "workspaces": [
        "core",
        "utils",
        "cli"
      ]
    },
    "cli": {
      "name": "@dyj/cli",
      "version": "1.0.0",
      "license": "ISC",
      "dependencies": {
        "@dyj/core": "^1.0.0"
      },
      "bin": {
        "cli": "bin/cli.mjs"
      },
      "devDependencies": {}
    },
    "core": {
      "name": "@dyj/core",
      "version": "1.0.0",
      "license": "ISC",
      "dependencies": {
        "chalk": "^5.2.0"
      }
    },
    "node_modules/@dyj/cli": {
      "resolved": "cli",
      "link": true
    },
    "node_modules/@dyj/core": {
      "resolved": "core",
      "link": true
    },
    "node_modules/@dyj/utils": {
      "resolved": "utils",
      "link": true
    },
    "node_modules/chalk": {
      "version": "5.2.0",
      "resolved": "https://registry.npmjs.org/chalk/-/chalk-5.2.0.tgz",
      "integrity": "sha512-ree3Gqw/nazQAPuJJEy+avdl7QfZMcUvmHIKgEZkGL+xOBzRvup5Hxo6LHuMceSxOabuJLJm5Yp/92R9eMmMvA==",
      "engines": {
        "node": "^12.17.0 || ^14.13 || >=16.0.0"
      },
      "funding": {
        "url": "https://github.com/chalk/chalk?sponsor=1"
      }
    },
    "utils": {
      "name": "@dyj/utils",
      "version": "1.0.0",
      "license": "ISC"
    }
  },
  "dependencies": {
    "@dyj/cli": {
      "version": "file:cli",
      "requires": {
        "@dyj/core": "^1.0.0"
      }
    },
    "@dyj/core": {
      "version": "file:core",
      "requires": {
        "chalk": "^5.2.0"
      }
    },
    "@dyj/utils": {
      "version": "file:utils"
    },
    "chalk": {
      "version": "5.2.0",
      "resolved": "https://registry.npmjs.org/chalk/-/chalk-5.2.0.tgz",
      "integrity": "sha512-ree3Gqw/nazQAPuJJEy+avdl7QfZMcUvmHIKgEZkGL+xOBzRvup5Hxo6LHuMceSxOabuJLJm5Yp/92R9eMmMvA=="
    }
  }
}
